
Microsoft Visual Studio Solution File, Format Version 12.00
# Visual Studio Version 17
VisualStudioVersion = 17.8.34330.188
MinimumVisualStudioVersion = 10.0.40219.1
Project("{FAE04EC0-301F-11D3-BF4B-00C04F79EFBC}") = "GUIWin32PrepTool", "GUIWin32PrepTool\GUIWin32PrepTool.csproj", "{F36F6F21-6F58-4E32-A7D9-A4C1544D602F}"
EndProject
Global
	GlobalSection(SolutionConfigurationPlatforms) = preSolution
		Debug|Any CPU = Debug|Any CPU
		Release|Any CPU = Release|Any CPU
	EndGlobalSection
	GlobalSection(ProjectConfigurationPlatforms) = postSolution
		{F36F6F21-6F58-4E32-A7D9-A4C1544D602F}.Debug|Any CPU.ActiveCfg = Debug|Any CPU
		{F36F6F21-6F58-4E32-A7D9-A4C1544D602F}.Debug|Any CPU.Build.0 = Debug|Any CPU
		{F36F6F21-6F58-4E32-A7D9-A4C1544D602F}.Release|Any CPU.ActiveCfg = Release|Any CPU
		{F36F6F21-6F58-4E32-A7D9-A4C1544D602F}.Release|Any CPU.Build.0 = Release|Any CPU
	EndGlobalSection
	GlobalSection(SolutionProperties) = preSolution
		HideSolutionNode = FALSE
	EndGlobalSection
	GlobalSection(ExtensibilityGlobals) = postSolution
		SolutionGuid = {902CB955-4BF2-415A-9735-48CF71A410A1}
	EndGlobalSection
EndGlobal
